// !$*UTF8*$!
{
	archiveVersion = 1;
	classes = {
	};
	objectVersion = 77;
	objects = {

/* Begin PBXBuildFile section */
		F76722E92E54E67600143CE1 /* Renderer.swift in Sources */ = {isa = PBXBuildFile; fileRef = F76722E82E54E67600143CE1 /* Renderer.swift */; };
		F76722EA2E54E67600143CE1 /* Renderer.swift in Sources */ = {isa = PBXBuildFile; fileRef = F76722E82E54E67600143CE1 /* Renderer.swift */; };
		F767230C2E56E65500143CE1 /* Shaders.metal in Sources */ = {isa = PBXBuildFile; fileRef = F767230B2E56E65500143CE1 /* Shaders.metal */; };
		F767230D2E56E65500143CE1 /* Shaders.metal in Sources */ = {isa = PBXBuildFile; fileRef = F767230B2E56E65500143CE1 /* Shaders.metal */; };
		F767230F2E56EB6700143CE1 /* VertexDescriptorHelper.swift in Sources */ = {isa = PBXBuildFile; fileRef = F767230E2E56EB5C00143CE1 /* VertexDescriptorHelper.swift */; };
		F76723102E56EB6700143CE1 /* VertexDescriptorHelper.swift in Sources */ = {isa = PBXBuildFile; fileRef = F767230E2E56EB5C00143CE1 /* VertexDescriptorHelper.swift */; };
		F76723122E56EFE500143CE1 /* MathHelpers.swift in Sources */ = {isa = PBXBuildFile; fileRef = F76723112E56EFE000143CE1 /* MathHelpers.swift */; };
		F76723132E56EFE500143CE1 /* MathHelpers.swift in Sources */ = {isa = PBXBuildFile; fileRef = F76723112E56EFE000143CE1 /* MathHelpers.swift */; };
		F767231A2E58410E00143CE1 /* patrik.usda in Resources */ = {isa = PBXBuildFile; fileRef = F76723192E58410E00143CE1 /* patrik.usda */; };
		F767231B2E58410E00143CE1 /* patrik.usda in Resources */ = {isa = PBXBuildFile; fileRef = F76723192E58410E00143CE1 /* patrik.usda */; };
		F76723202E5B646D00143CE1 /* train.obj in Resources */ = {isa = PBXBuildFile; fileRef = F767231F2E5B646D00143CE1 /* train.obj */; };
		F76723212E5B646D00143CE1 /* train.obj in Resources */ = {isa = PBXBuildFile; fileRef = F767231F2E5B646D00143CE1 /* train.obj */; };
		F767232E2E5D853400143CE1 /* Node.swift in Sources */ = {isa = PBXBuildFile; fileRef = F767232D2E5D852C00143CE1 /* Node.swift */; };
		F767232F2E5D853400143CE1 /* Node.swift in Sources */ = {isa = PBXBuildFile; fileRef = F767232D2E5D852C00143CE1 /* Node.swift */; };
		F76723312E5D870100143CE1 /* Camera.swift in Sources */ = {isa = PBXBuildFile; fileRef = F76723302E5D86FE00143CE1 /* Camera.swift */; };
		F76723322E5D870100143CE1 /* Camera.swift in Sources */ = {isa = PBXBuildFile; fileRef = F76723302E5D86FE00143CE1 /* Camera.swift */; };
		F76723342E5ECD7B00143CE1 /* ArcballCamera.swift in Sources */ = {isa = PBXBuildFile; fileRef = F76723332E5ECD7100143CE1 /* ArcballCamera.swift */; };
		F76723352E5ECD7B00143CE1 /* ArcballCamera.swift in Sources */ = {isa = PBXBuildFile; fileRef = F76723332E5ECD7100143CE1 /* ArcballCamera.swift */; };
		F7693FF42EDC73AA00CF7FCC /* CameraController.swift in Sources */ = {isa = PBXBuildFile; fileRef = F7693FF32EDC73A700CF7FCC /* CameraController.swift */; };
		F7693FF52EDC73AA00CF7FCC /* CameraController.swift in Sources */ = {isa = PBXBuildFile; fileRef = F7693FF32EDC73A700CF7FCC /* CameraController.swift */; };
		F7693FF82EDC7BDF00CF7FCC /* Controllable.swift in Sources */ = {isa = PBXBuildFile; fileRef = F7693FF72EDC7BDF00CF7FCC /* Controllable.swift */; };
		F7693FF92EDC7BDF00CF7FCC /* Controllable.swift in Sources */ = {isa = PBXBuildFile; fileRef = F7693FF72EDC7BDF00CF7FCC /* Controllable.swift */; };
		F7A9C04C2ED82ADB0045820E /* KeyCode.swift in Sources */ = {isa = PBXBuildFile; fileRef = F7A9C04B2ED82ADB0045820E /* KeyCode.swift */; };
		F7A9C04D2ED82ADB0045820E /* KeyCode.swift in Sources */ = {isa = PBXBuildFile; fileRef = F7A9C04B2ED82ADB0045820E /* KeyCode.swift */; };
		F7D08A732ECEEB400093D32C /* Scene.swift in Sources */ = {isa = PBXBuildFile; fileRef = F7D08A722ECEEB2D0093D32C /* Scene.swift */; };
		F7D08A742ECEEB400093D32C /* Scene.swift in Sources */ = {isa = PBXBuildFile; fileRef = F7D08A722ECEEB2D0093D32C /* Scene.swift */; };
		F7D08A762ED036980093D32C /* MainScene.swift in Sources */ = {isa = PBXBuildFile; fileRef = F7D08A752ED0368D0093D32C /* MainScene.swift */; };
		F7D08A772ED036980093D32C /* MainScene.swift in Sources */ = {isa = PBXBuildFile; fileRef = F7D08A752ED0368D0093D32C /* MainScene.swift */; };
		F7D08A9A2ED38E7C0093D32C /* patrik2.usdz in Resources */ = {isa = PBXBuildFile; fileRef = F7D08A962ED38E7C0093D32C /* patrik2.usdz */; };
		F7D08A9B2ED38E7C0093D32C /* patrikTest.usda in Resources */ = {isa = PBXBuildFile; fileRef = F7D08A982ED38E7C0093D32C /* patrikTest.usda */; };
		F7D08A9C2ED38E7C0093D32C /* patrik_house.usdz in Resources */ = {isa = PBXBuildFile; fileRef = F7D08A952ED38E7C0093D32C /* patrik_house.usdz */; };
		F7D08A9D2ED38E7C0093D32C /* Super_brawl_Universe-Patrick_Star.usdz in Resources */ = {isa = PBXBuildFile; fileRef = F7D08A992ED38E7C0093D32C /* Super_brawl_Universe-Patrick_Star.usdz */; };
		F7D08A9E2ED38E7C0093D32C /* patrik3.usdz in Resources */ = {isa = PBXBuildFile; fileRef = F7D08A972ED38E7C0093D32C /* patrik3.usdz */; };
		F7D08A9F2ED38E7C0093D32C /* patrik2.usdz in Resources */ = {isa = PBXBuildFile; fileRef = F7D08A962ED38E7C0093D32C /* patrik2.usdz */; };
		F7D08AA02ED38E7C0093D32C /* patrikTest.usda in Resources */ = {isa = PBXBuildFile; fileRef = F7D08A982ED38E7C0093D32C /* patrikTest.usda */; };
		F7D08AA12ED38E7C0093D32C /* patrik_house.usdz in Resources */ = {isa = PBXBuildFile; fileRef = F7D08A952ED38E7C0093D32C /* patrik_house.usdz */; };
		F7D08AA22ED38E7C0093D32C /* Super_brawl_Universe-Patrick_Star.usdz in Resources */ = {isa = PBXBuildFile; fileRef = F7D08A992ED38E7C0093D32C /* Super_brawl_Universe-Patrick_Star.usdz */; };
		F7D08AA32ED38E7C0093D32C /* patrik3.usdz in Resources */ = {isa = PBXBuildFile; fileRef = F7D08A972ED38E7C0093D32C /* patrik3.usdz */; };
		F7D30B072E728DFB00254E80 /* skeletonWave.usda in Resources */ = {isa = PBXBuildFile; fileRef = F7D30B062E728DFB00254E80 /* skeletonWave.usda */; };
		F7D30B082E728DFB00254E80 /* skeletonWave.usda in Resources */ = {isa = PBXBuildFile; fileRef = F7D30B062E728DFB00254E80 /* skeletonWave.usda */; };
		F7D30B0B2E73DCE500254E80 /* Animation.swift in Sources */ = {isa = PBXBuildFile; fileRef = F7D30B0A2E73DCE500254E80 /* Animation.swift */; };
		F7D30B0C2E73DCE500254E80 /* Animation.swift in Sources */ = {isa = PBXBuildFile; fileRef = F7D30B0A2E73DCE500254E80 /* Animation.swift */; };
		F7E44EAE2E66BDC300D44694 /* Textures.xcassets in Resources */ = {isa = PBXBuildFile; fileRef = F7E44EAD2E66BDC300D44694 /* Textures.xcassets */; };
		F7E44EAF2E66BDC300D44694 /* Textures.xcassets in Resources */ = {isa = PBXBuildFile; fileRef = F7E44EAD2E66BDC300D44694 /* Textures.xcassets */; };
		F7E44EC92E680AF800D44694 /* Renderable.swift in Sources */ = {isa = PBXBuildFile; fileRef = F7E44EC82E680AF300D44694 /* Renderable.swift */; };
		F7E44ECA2E680AF800D44694 /* Renderable.swift in Sources */ = {isa = PBXBuildFile; fileRef = F7E44EC82E680AF300D44694 /* Renderable.swift */; };
		F7EEFE882E6DAAB9009587D0 /* ground.obj in Resources */ = {isa = PBXBuildFile; fileRef = F7EEFE872E6DAAB9009587D0 /* ground.obj */; };
		F7EEFE892E6DAAB9009587D0 /* ground.obj in Resources */ = {isa = PBXBuildFile; fileRef = F7EEFE872E6DAAB9009587D0 /* ground.obj */; };
		F7EEFE8C2E6DAADF009587D0 /* ground.mtl in Resources */ = {isa = PBXBuildFile; fileRef = F7EEFE8B2E6DAADF009587D0 /* ground.mtl */; };
		F7EEFE8D2E6DAADF009587D0 /* ground.mtl in Resources */ = {isa = PBXBuildFile; fileRef = F7EEFE8B2E6DAADF009587D0 /* ground.mtl */; };
/* End PBXBuildFile section */

/* Begin PBXFileReference section */
		F76722BC2E54E05200143CE1 /* PatrikTheStarByAria.app */ = {isa = PBXFileReference; explicitFileType = wrapper.application; includeInIndex = 0; path = PatrikTheStarByAria.app; sourceTree = BUILT_PRODUCTS_DIR; };
		F76722D22E54E57400143CE1 /* PatrikTheStarByAriaiOS.app */ = {isa = PBXFileReference; explicitFileType = wrapper.application; includeInIndex = 0; path = PatrikTheStarByAriaiOS.app; sourceTree = BUILT_PRODUCTS_DIR; };
		F76722E82E54E67600143CE1 /* Renderer.swift */ = {isa = PBXFileReference; lastKnownFileType = sourcecode.swift; path = Renderer.swift; sourceTree = "<group>"; };
		F767230B2E56E65500143CE1 /* Shaders.metal */ = {isa = PBXFileReference; lastKnownFileType = sourcecode.metal; path = Shaders.metal; sourceTree = "<group>"; };
		F767230E2E56EB5C00143CE1 /* VertexDescriptorHelper.swift */ = {isa = PBXFileReference; lastKnownFileType = sourcecode.swift; path = VertexDescriptorHelper.swift; sourceTree = "<group>"; };
		F76723112E56EFE000143CE1 /* MathHelpers.swift */ = {isa = PBXFileReference; lastKnownFileType = sourcecode.swift; path = MathHelpers.swift; sourceTree = "<group>"; };
		F76723192E58410E00143CE1 /* patrik.usda */ = {isa = PBXFileReference; lastKnownFileType = text; path = patrik.usda; sourceTree = "<group>"; };
		F767231F2E5B646D00143CE1 /* train.obj */ = {isa = PBXFileReference; lastKnownFileType = text; path = train.obj; sourceTree = "<group>"; };
		F76723292E5C31DA00143CE1 /* Common.h */ = {isa = PBXFileReference; lastKnownFileType = sourcecode.c.h; path = Common.h; sourceTree = "<group>"; };
		F767232D2E5D852C00143CE1 /* Node.swift */ = {isa = PBXFileReference; lastKnownFileType = sourcecode.swift; path = Node.swift; sourceTree = "<group>"; };
		F76723302E5D86FE00143CE1 /* Camera.swift */ = {isa = PBXFileReference; lastKnownFileType = sourcecode.swift; path = Camera.swift; sourceTree = "<group>"; };
		F76723332E5ECD7100143CE1 /* ArcballCamera.swift */ = {isa = PBXFileReference; lastKnownFileType = sourcecode.swift; path = ArcballCamera.swift; sourceTree = "<group>"; };
		F7693FF32EDC73A700CF7FCC /* CameraController.swift */ = {isa = PBXFileReference; lastKnownFileType = sourcecode.swift; path = CameraController.swift; sourceTree = "<group>"; };
		F7693FF72EDC7BDF00CF7FCC /* Controllable.swift */ = {isa = PBXFileReference; lastKnownFileType = sourcecode.swift; path = Controllable.swift; sourceTree = "<group>"; };
		F7A9C04B2ED82ADB0045820E /* KeyCode.swift */ = {isa = PBXFileReference; lastKnownFileType = sourcecode.swift; path = KeyCode.swift; sourceTree = "<group>"; };
		F7D08A722ECEEB2D0093D32C /* Scene.swift */ = {isa = PBXFileReference; lastKnownFileType = sourcecode.swift; path = Scene.swift; sourceTree = "<group>"; };
		F7D08A752ED0368D0093D32C /* MainScene.swift */ = {isa = PBXFileReference; lastKnownFileType = sourcecode.swift; path = MainScene.swift; sourceTree = "<group>"; };
		F7D08A952ED38E7C0093D32C /* patrik_house.usdz */ = {isa = PBXFileReference; lastKnownFileType = file; path = patrik_house.usdz; sourceTree = "<group>"; };
		F7D08A962ED38E7C0093D32C /* patrik2.usdz */ = {isa = PBXFileReference; lastKnownFileType = file; path = patrik2.usdz; sourceTree = "<group>"; };
		F7D08A972ED38E7C0093D32C /* patrik3.usdz */ = {isa = PBXFileReference; lastKnownFileType = file; path = patrik3.usdz; sourceTree = "<group>"; };
		F7D08A982ED38E7C0093D32C /* patrikTest.usda */ = {isa = PBXFileReference; lastKnownFileType = text; path = patrikTest.usda; sourceTree = "<group>"; };
		F7D08A992ED38E7C0093D32C /* Super_brawl_Universe-Patrick_Star.usdz */ = {isa = PBXFileReference; lastKnownFileType = file; path = "Super_brawl_Universe-Patrick_Star.usdz"; sourceTree = "<group>"; };
		F7D30B062E728DFB00254E80 /* skeletonWave.usda */ = {isa = PBXFileReference; lastKnownFileType = text; path = skeletonWave.usda; sourceTree = "<group>"; };
		F7D30B0A2E73DCE500254E80 /* Animation.swift */ = {isa = PBXFileReference; lastKnownFileType = sourcecode.swift; path = Animation.swift; sourceTree = "<group>"; };
		F7E44EAD2E66BDC300D44694 /* Textures.xcassets */ = {isa = PBXFileReference; lastKnownFileType = folder.assetcatalog; path = Textures.xcassets; sourceTree = "<group>"; };
		F7E44EC82E680AF300D44694 /* Renderable.swift */ = {isa = PBXFileReference; lastKnownFileType = sourcecode.swift; path = Renderable.swift; sourceTree = "<group>"; };
		F7EEFE872E6DAAB9009587D0 /* ground.obj */ = {isa = PBXFileReference; lastKnownFileType = text; path = ground.obj; sourceTree = "<group>"; };
		F7EEFE8B2E6DAADF009587D0 /* ground.mtl */ = {isa = PBXFileReference; lastKnownFileType = text; path = ground.mtl; sourceTree = "<group>"; };
/* End PBXFileReference section */

/* Begin PBXFileSystemSynchronizedBuildFileExceptionSet section */
		F76722E32E54E57500143CE1 /* Exceptions for "PatrikTheStarByAriaiOS" folder in "PatrikTheStarByAriaiOS" target */ = {
			isa = PBXFileSystemSynchronizedBuildFileExceptionSet;
			membershipExceptions = (
				Info.plist,
			);
			target = F76722D12E54E57400143CE1 /* PatrikTheStarByAriaiOS */;
		};
		F7A9C0512ED82EF50045820E /* Exceptions for "PatrikTheStarByAria" folder in "PatrikTheStarByAriaiOS" target */ = {
			isa = PBXFileSystemSynchronizedBuildFileExceptionSet;
			membershipExceptions = (
				MainView.swift,
			);
			target = F76722D12E54E57400143CE1 /* PatrikTheStarByAriaiOS */;
		};
/* End PBXFileSystemSynchronizedBuildFileExceptionSet section */

/* Begin PBXFileSystemSynchronizedRootGroup section */
		F76722BE2E54E05200143CE1 /* PatrikTheStarByAria */ = {
			isa = PBXFileSystemSynchronizedRootGroup;
			exceptions = (
				F7A9C0512ED82EF50045820E /* Exceptions for "PatrikTheStarByAria" folder in "PatrikTheStarByAriaiOS" target */,
			);
			path = PatrikTheStarByAria;
			sourceTree = "<group>";
		};
		F76722D32E54E57400143CE1 /* PatrikTheStarByAriaiOS */ = {
			isa = PBXFileSystemSynchronizedRootGroup;
			exceptions = (
				F76722E32E54E57500143CE1 /* Exceptions for "PatrikTheStarByAriaiOS" folder in "PatrikTheStarByAriaiOS" target */,
			);
			path = PatrikTheStarByAriaiOS;
			sourceTree = "<group>";
		};
		F7E44EC62E68074800D44694 /* Model */ = {
			isa = PBXFileSystemSynchronizedRootGroup;
			path = Model;
			sourceTree = "<group>";
		};
/* End PBXFileSystemSynchronizedRootGroup section */

/* Begin PBXFrameworksBuildPhase section */
		F76722B92E54E05200143CE1 /* Frameworks */ = {
			isa = PBXFrameworksBuildPhase;
			buildActionMask = 2147483647;
			files = (
			);
			runOnlyForDeploymentPostprocessing = 0;
		};
		F76722CF2E54E57400143CE1 /* Frameworks */ = {
			isa = PBXFrameworksBuildPhase;
			buildActionMask = 2147483647;
			files = (
			);
			runOnlyForDeploymentPostprocessing = 0;
		};
/* End PBXFrameworksBuildPhase section */

/* Begin PBXGroup section */
		F76722B32E54E05200143CE1 = {
			isa = PBXGroup;
			children = (
				F7A9C04A2ED771680045820E /* Game */,
				F76722E72E54E66100143CE1 /* Engine */,
				F76722BE2E54E05200143CE1 /* PatrikTheStarByAria */,
				F76722D32E54E57400143CE1 /* PatrikTheStarByAriaiOS */,
				F76722BD2E54E05200143CE1 /* Products */,
			);
			sourceTree = "<group>";
		};
		F76722BD2E54E05200143CE1 /* Products */ = {
			isa = PBXGroup;
			children = (
				F76722BC2E54E05200143CE1 /* PatrikTheStarByAria.app */,
				F76722D22E54E57400143CE1 /* PatrikTheStarByAriaiOS.app */,
			);
			name = Products;
			sourceTree = "<group>";
		};
		F76722E72E54E66100143CE1 /* Engine */ = {
			isa = PBXGroup;
			children = (
				F7D08A722ECEEB2D0093D32C /* Scene.swift */,
				F7D30B092E73DCD200254E80 /* Animation */,
				F7E44EC72E680AD600D44694 /* Renderer */,
				F7E44EC62E68074800D44694 /* Model */,
				F76723332E5ECD7100143CE1 /* ArcballCamera.swift */,
				F76723302E5D86FE00143CE1 /* Camera.swift */,
				F767232D2E5D852C00143CE1 /* Node.swift */,
				F76723222E5C319000143CE1 /* Shaders */,
				F76723182E583FFE00143CE1 /* Assets */,
				F76723142E56EFE800143CE1 /* Helpers */,
			);
			path = Engine;
			sourceTree = "<group>";
		};
		F76723142E56EFE800143CE1 /* Helpers */ = {
			isa = PBXGroup;
			children = (
				F76723112E56EFE000143CE1 /* MathHelpers.swift */,
				F767230E2E56EB5C00143CE1 /* VertexDescriptorHelper.swift */,
				F7A9C04B2ED82ADB0045820E /* KeyCode.swift */,
			);
			path = Helpers;
			sourceTree = "<group>";
		};
		F76723182E583FFE00143CE1 /* Assets */ = {
			isa = PBXGroup;
			children = (
				F7D08A952ED38E7C0093D32C /* patrik_house.usdz */,
				F7D08A962ED38E7C0093D32C /* patrik2.usdz */,
				F7D08A972ED38E7C0093D32C /* patrik3.usdz */,
				F7D08A982ED38E7C0093D32C /* patrikTest.usda */,
				F7D08A992ED38E7C0093D32C /* Super_brawl_Universe-Patrick_Star.usdz */,
				F7D30B062E728DFB00254E80 /* skeletonWave.usda */,
				F7EEFE8A2E6DAAD2009587D0 /* Ground */,
				F767231F2E5B646D00143CE1 /* train.obj */,
				F76723192E58410E00143CE1 /* patrik.usda */,
				F7E44EAD2E66BDC300D44694 /* Textures.xcassets */,
			);
			path = Assets;
			sourceTree = "<group>";
		};
		F76723222E5C319000143CE1 /* Shaders */ = {
			isa = PBXGroup;
			children = (
				F767230B2E56E65500143CE1 /* Shaders.metal */,
				F76723292E5C31DA00143CE1 /* Common.h */,
			);
			path = Shaders;
			sourceTree = "<group>";
		};
		F7693FF62EDC7BC300CF7FCC /* Controllers */ = {
			isa = PBXGroup;
			children = (
				F7693FF32EDC73A700CF7FCC /* CameraController.swift */,
				F7693FF72EDC7BDF00CF7FCC /* Controllable.swift */,
			);
			path = Controllers;
			sourceTree = "<group>";
		};
		F7A9C04A2ED771680045820E /* Game */ = {
			isa = PBXGroup;
			children = (
				F7693FF62EDC7BC300CF7FCC /* Controllers */,
				F7D08A752ED0368D0093D32C /* MainScene.swift */,
			);
			path = Game;
			sourceTree = "<group>";
		};
		F7D30B092E73DCD200254E80 /* Animation */ = {
			isa = PBXGroup;
			children = (
				F7D30B0A2E73DCE500254E80 /* Animation.swift */,
			);
			path = Animation;
			sourceTree = "<group>";
		};
		F7E44EC72E680AD600D44694 /* Renderer */ = {
			isa = PBXGroup;
			children = (
				F7E44EC82E680AF300D44694 /* Renderable.swift */,
				F76722E82E54E67600143CE1 /* Renderer.swift */,
			);
			path = Renderer;
			sourceTree = "<group>";
		};
		F7EEFE8A2E6DAAD2009587D0 /* Ground */ = {
			isa = PBXGroup;
			children = (
				F7EEFE8B2E6DAADF009587D0 /* ground.mtl */,
				F7EEFE872E6DAAB9009587D0 /* ground.obj */,
			);
			path = Ground;
			sourceTree = "<group>";
		};
/* End PBXGroup section */

/* Begin PBXNativeTarget section */
		F76722BB2E54E05200143CE1 /* PatrikTheStarByAria */ = {
			isa = PBXNativeTarget;
			buildConfigurationList = F76722CB2E54E05300143CE1 /* Build configuration list for PBXNativeTarget "PatrikTheStarByAria" */;
			buildPhases = (
				F76722B82E54E05200143CE1 /* Sources */,
				F76722B92E54E05200143CE1 /* Frameworks */,
				F76722BA2E54E05200143CE1 /* Resources */,
			);
			buildRules = (
			);
			dependencies = (
			);
			fileSystemSynchronizedGroups = (
				F76722BE2E54E05200143CE1 /* PatrikTheStarByAria */,
				F7E44EC62E68074800D44694 /* Model */,
			);
			name = PatrikTheStarByAria;
			packageProductDependencies = (
			);
			productName = PatrikTheStarByAria;
			productReference = F76722BC2E54E05200143CE1 /* PatrikTheStarByAria.app */;
			productType = "com.apple.product-type.application";
		};
		F76722D12E54E57400143CE1 /* PatrikTheStarByAriaiOS */ = {
			isa = PBXNativeTarget;
			buildConfigurationList = F76722E42E54E57500143CE1 /* Build configuration list for PBXNativeTarget "PatrikTheStarByAriaiOS" */;
			buildPhases = (
				F76722CE2E54E57400143CE1 /* Sources */,
				F76722CF2E54E57400143CE1 /* Frameworks */,
				F76722D02E54E57400143CE1 /* Resources */,
			);
			buildRules = (
			);
			dependencies = (
			);
			fileSystemSynchronizedGroups = (
				F76722D32E54E57400143CE1 /* PatrikTheStarByAriaiOS */,
				F7E44EC62E68074800D44694 /* Model */,
			);
			name = PatrikTheStarByAriaiOS;
			packageProductDependencies = (
			);
			productName = PatrikTheStarByAriaiOS;
			productReference = F76722D22E54E57400143CE1 /* PatrikTheStarByAriaiOS.app */;
			productType = "com.apple.product-type.application";
		};
/* End PBXNativeTarget section */

/* Begin PBXProject section */
		F76722B42E54E05200143CE1 /* Project object */ = {
			isa = PBXProject;
			attributes = {
				BuildIndependentTargetsInParallel = 1;
				LastSwiftUpdateCheck = 1640;
				LastUpgradeCheck = 1640;
				TargetAttributes = {
					F76722BB2E54E05200143CE1 = {
						CreatedOnToolsVersion = 16.4;
					};
					F76722D12E54E57400143CE1 = {
						CreatedOnToolsVersion = 16.4;
					};
				};
			};
			buildConfigurationList = F76722B72E54E05200143CE1 /* Build configuration list for PBXProject "PatrikTheStarByAria" */;
			developmentRegion = en;
			hasScannedForEncodings = 0;
			knownRegions = (
				en,
				Base,
			);
			mainGroup = F76722B32E54E05200143CE1;
			minimizedProjectReferenceProxies = 1;
			preferredProjectObjectVersion = 77;
			productRefGroup = F76722BD2E54E05200143CE1 /* Products */;
			projectDirPath = "";
			projectRoot = "";
			targets = (
				F76722BB2E54E05200143CE1 /* PatrikTheStarByAria */,
				F76722D12E54E57400143CE1 /* PatrikTheStarByAriaiOS */,
			);
		};
/* End PBXProject section */

/* Begin PBXResourcesBuildPhase section */
		F76722BA2E54E05200143CE1 /* Resources */ = {
			isa = PBXResourcesBuildPhase;
			buildActionMask = 2147483647;
			files = (
				F7EEFE892E6DAAB9009587D0 /* ground.obj in Resources */,
				F7E44EAF2E66BDC300D44694 /* Textures.xcassets in Resources */,
				F76723202E5B646D00143CE1 /* train.obj in Resources */,
				F7EEFE8C2E6DAADF009587D0 /* ground.mtl in Resources */,
				F767231B2E58410E00143CE1 /* patrik.usda in Resources */,
				F7D30B082E728DFB00254E80 /* skeletonWave.usda in Resources */,
				F7D08A9A2ED38E7C0093D32C /* patrik2.usdz in Resources */,
				F7D08A9B2ED38E7C0093D32C /* patrikTest.usda in Resources */,
				F7D08A9C2ED38E7C0093D32C /* patrik_house.usdz in Resources */,
				F7D08A9D2ED38E7C0093D32C /* Super_brawl_Universe-Patrick_Star.usdz in Resources */,
				F7D08A9E2ED38E7C0093D32C /* patrik3.usdz in Resources */,
			);
			runOnlyForDeploymentPostprocessing = 0;
		};
		F76722D02E54E57400143CE1 /* Resources */ = {
			isa = PBXResourcesBuildPhase;
			buildActionMask = 2147483647;
			files = (
				F7D30B072E728DFB00254E80 /* skeletonWave.usda in Resources */,
				F7D08A9F2ED38E7C0093D32C /* patrik2.usdz in Resources */,
				F7D08AA02ED38E7C0093D32C /* patrikTest.usda in Resources */,
				F7D08AA12ED38E7C0093D32C /* patrik_house.usdz in Resources */,
				F7D08AA22ED38E7C0093D32C /* Super_brawl_Universe-Patrick_Star.usdz in Resources */,
				F7D08AA32ED38E7C0093D32C /* patrik3.usdz in Resources */,
				F76723212E5B646D00143CE1 /* train.obj in Resources */,
				F7EEFE882E6DAAB9009587D0 /* ground.obj in Resources */,
				F7E44EAE2E66BDC300D44694 /* Textures.xcassets in Resources */,
				F7EEFE8D2E6DAADF009587D0 /* ground.mtl in Resources */,
				F767231A2E58410E00143CE1 /* patrik.usda in Resources */,
			);
			runOnlyForDeploymentPostprocessing = 0;
		};
/* End PBXResourcesBuildPhase section */

/* Begin PBXSourcesBuildPhase section */
		F76722B82E54E05200143CE1 /* Sources */ = {
			isa = PBXSourcesBuildPhase;
			buildActionMask = 2147483647;
			files = (
				F7A9C04D2ED82ADB0045820E /* KeyCode.swift in Sources */,
				F76723102E56EB6700143CE1 /* VertexDescriptorHelper.swift in Sources */,
				F767230C2E56E65500143CE1 /* Shaders.metal in Sources */,
				F7E44ECA2E680AF800D44694 /* Renderable.swift in Sources */,
				F767232F2E5D853400143CE1 /* Node.swift in Sources */,
				F7D08A742ECEEB400093D32C /* Scene.swift in Sources */,
				F76723352E5ECD7B00143CE1 /* ArcballCamera.swift in Sources */,
				F7D08A772ED036980093D32C /* MainScene.swift in Sources */,
				F7693FF52EDC73AA00CF7FCC /* CameraController.swift in Sources */,
				F7693FF92EDC7BDF00CF7FCC /* Controllable.swift in Sources */,
				F76722E92E54E67600143CE1 /* Renderer.swift in Sources */,
				F76723122E56EFE500143CE1 /* MathHelpers.swift in Sources */,
				F7D30B0C2E73DCE500254E80 /* Animation.swift in Sources */,
				F76723322E5D870100143CE1 /* Camera.swift in Sources */,
			);
			runOnlyForDeploymentPostprocessing = 0;
		};
		F76722CE2E54E57400143CE1 /* Sources */ = {
			isa = PBXSourcesBuildPhase;
			buildActionMask = 2147483647;
			files = (
				F76723342E5ECD7B00143CE1 /* ArcballCamera.swift in Sources */,
				F76722EA2E54E67600143CE1 /* Renderer.swift in Sources */,
				F7693FF42EDC73AA00CF7FCC /* CameraController.swift in Sources */,
				F767230F2E56EB6700143CE1 /* VertexDescriptorHelper.swift in Sources */,
				F7E44EC92E680AF800D44694 /* Renderable.swift in Sources */,
				F7693FF82EDC7BDF00CF7FCC /* Controllable.swift in Sources */,
				F767232E2E5D853400143CE1 /* Node.swift in Sources */,
				F7A9C04C2ED82ADB0045820E /* KeyCode.swift in Sources */,
				F76723312E5D870100143CE1 /* Camera.swift in Sources */,
				F7D08A732ECEEB400093D32C /* Scene.swift in Sources */,
				F767230D2E56E65500143CE1 /* Shaders.metal in Sources */,
				F7D08A762ED036980093D32C /* MainScene.swift in Sources */,
				F7D30B0B2E73DCE500254E80 /* Animation.swift in Sources */,
				F76723132E56EFE500143CE1 /* MathHelpers.swift in Sources */,
			);
			runOnlyForDeploymentPostprocessing = 0;
		};
/* End PBXSourcesBuildPhase section */

/* Begin XCBuildConfiguration section */
		F76722C92E54E05300143CE1 /* Debug */ = {
			isa = XCBuildConfiguration;
			buildSettings = {
				ALWAYS_SEARCH_USER_PATHS = NO;
				ASSETCATALOG_COMPILER_GENERATE_SWIFT_ASSET_SYMBOL_EXTENSIONS = YES;
				CLANG_ANALYZER_NONNULL = YES;
				CLANG_ANALYZER_NUMBER_OBJECT_CONVERSION = YES_AGGRESSIVE;
				CLANG_CXX_LANGUAGE_STANDARD = "gnu++20";
				CLANG_ENABLE_MODULES = YES;
				CLANG_ENABLE_OBJC_ARC = YES;
				CLANG_ENABLE_OBJC_WEAK = YES;
				CLANG_WARN_BLOCK_CAPTURE_AUTORELEASING = YES;
				CLANG_WARN_BOOL_CONVERSION = YES;
				CLANG_WARN_COMMA = YES;
				CLANG_WARN_CONSTANT_CONVERSION = YES;
				CLANG_WARN_DEPRECATED_OBJC_IMPLEMENTATIONS = YES;
				CLANG_WARN_DIRECT_OBJC_ISA_USAGE = YES_ERROR;
				CLANG_WARN_DOCUMENTATION_COMMENTS = YES;
				CLANG_WARN_EMPTY_BODY = YES;
				CLANG_WARN_ENUM_CONVERSION = YES;
				CLANG_WARN_INFINITE_RECURSION = YES;
				CLANG_WARN_INT_CONVERSION = YES;
				CLANG_WARN_NON_LITERAL_NULL_CONVERSION = YES;
				CLANG_WARN_OBJC_IMPLICIT_RETAIN_SELF = YES;
				CLANG_WARN_OBJC_LITERAL_CONVERSION = YES;
				CLANG_WARN_OBJC_ROOT_CLASS = YES_ERROR;
				CLANG_WARN_QUOTED_INCLUDE_IN_FRAMEWORK_HEADER = YES;
				CLANG_WARN_RANGE_LOOP_ANALYSIS = YES;
				CLANG_WARN_STRICT_PROTOTYPES = YES;
				CLANG_WARN_SUSPICIOUS_MOVE = YES;
				CLANG_WARN_UNGUARDED_AVAILABILITY = YES_AGGRESSIVE;
				CLANG_WARN_UNREACHABLE_CODE = YES;
				CLANG_WARN__DUPLICATE_METHOD_MATCH = YES;
				COPY_PHASE_STRIP = NO;
				DEBUG_INFORMATION_FORMAT = dwarf;
				DEVELOPMENT_TEAM = GG7GN7L79A;
				ENABLE_STRICT_OBJC_MSGSEND = YES;
				ENABLE_TESTABILITY = YES;
				ENABLE_USER_SCRIPT_SANDBOXING = YES;
				GCC_C_LANGUAGE_STANDARD = gnu17;
				GCC_DYNAMIC_NO_PIC = NO;
				GCC_NO_COMMON_BLOCKS = YES;
				GCC_OPTIMIZATION_LEVEL = 0;
				GCC_PREPROCESSOR_DEFINITIONS = (
					"DEBUG=1",
					"$(inherited)",
				);
				GCC_WARN_64_TO_32_BIT_CONVERSION = YES;
				GCC_WARN_ABOUT_RETURN_TYPE = YES_ERROR;
				GCC_WARN_UNDECLARED_SELECTOR = YES;
				GCC_WARN_UNINITIALIZED_AUTOS = YES_AGGRESSIVE;
				GCC_WARN_UNUSED_FUNCTION = YES;
				GCC_WARN_UNUSED_VARIABLE = YES;
				LOCALIZATION_PREFERS_STRING_CATALOGS = YES;
				MACOSX_DEPLOYMENT_TARGET = 15.5;
				MTL_ENABLE_DEBUG_INFO = INCLUDE_SOURCE;
				MTL_FAST_MATH = YES;
				ONLY_ACTIVE_ARCH = YES;
				SDKROOT = macosx;
				SWIFT_ACTIVE_COMPILATION_CONDITIONS = "DEBUG $(inherited)";
				SWIFT_OBJC_BRIDGING_HEADER = $SRCROOT/Engine/Shaders/Common.h;
				SWIFT_OPTIMIZATION_LEVEL = "-Onone";
			};
			name = Debug;
		};
		F76722CA2E54E05300143CE1 /* Release */ = {
			isa = XCBuildConfiguration;
			buildSettings = {
				ALWAYS_SEARCH_USER_PATHS = NO;
				ASSETCATALOG_COMPILER_GENERATE_SWIFT_ASSET_SYMBOL_EXTENSIONS = YES;
				CLANG_ANALYZER_NONNULL = YES;
				CLANG_ANALYZER_NUMBER_OBJECT_CONVERSION = YES_AGGRESSIVE;
				CLANG_CXX_LANGUAGE_STANDARD = "gnu++20";
				CLANG_ENABLE_MODULES = YES;
				CLANG_ENABLE_OBJC_ARC = YES;
				CLANG_ENABLE_OBJC_WEAK = YES;
				CLANG_WARN_BLOCK_CAPTURE_AUTORELEASING = YES;
				CLANG_WARN_BOOL_CONVERSION = YES;
				CLANG_WARN_COMMA = YES;
				CLANG_WARN_CONSTANT_CONVERSION = YES;
				CLANG_WARN_DEPRECATED_OBJC_IMPLEMENTATIONS = YES;
				CLANG_WARN_DIRECT_OBJC_ISA_USAGE = YES_ERROR;
				CLANG_WARN_DOCUMENTATION_COMMENTS = YES;
				CLANG_WARN_EMPTY_BODY = YES;
				CLANG_WARN_ENUM_CONVERSION = YES;
				CLANG_WARN_INFINITE_RECURSION = YES;
				CLANG_WARN_INT_CONVERSION = YES;
				CLANG_WARN_NON_LITERAL_NULL_CONVERSION = YES;
				CLANG_WARN_OBJC_IMPLICIT_RETAIN_SELF = YES;
				CLANG_WARN_OBJC_LITERAL_CONVERSION = YES;
				CLANG_WARN_OBJC_ROOT_CLASS = YES_ERROR;
				CLANG_WARN_QUOTED_INCLUDE_IN_FRAMEWORK_HEADER = YES;
				CLANG_WARN_RANGE_LOOP_ANALYSIS = YES;
				CLANG_WARN_STRICT_PROTOTYPES = YES;
				CLANG_WARN_SUSPICIOUS_MOVE = YES;
				CLANG_WARN_UNGUARDED_AVAILABILITY = YES_AGGRESSIVE;
				CLANG_WARN_UNREACHABLE_CODE = YES;
				CLANG_WARN__DUPLICATE_METHOD_MATCH = YES;
				COPY_PHASE_STRIP = NO;
				DEBUG_INFORMATION_FORMAT = "dwarf-with-dsym";
				DEVELOPMENT_TEAM = GG7GN7L79A;
				ENABLE_NS_ASSERTIONS = NO;
				ENABLE_STRICT_OBJC_MSGSEND = YES;
				ENABLE_USER_SCRIPT_SANDBOXING = YES;
				GCC_C_LANGUAGE_STANDARD = gnu17;
				GCC_NO_COMMON_BLOCKS = YES;
				GCC_WARN_64_TO_32_BIT_CONVERSION = YES;
				GCC_WARN_ABOUT_RETURN_TYPE = YES_ERROR;
				GCC_WARN_UNDECLARED_SELECTOR = YES;
				GCC_WARN_UNINITIALIZED_AUTOS = YES_AGGRESSIVE;
				GCC_WARN_UNUSED_FUNCTION = YES;
				GCC_WARN_UNUSED_VARIABLE = YES;
				LOCALIZATION_PREFERS_STRING_CATALOGS = YES;
				MACOSX_DEPLOYMENT_TARGET = 15.5;
				MTL_ENABLE_DEBUG_INFO = NO;
				MTL_FAST_MATH = YES;
				SDKROOT = macosx;
				SWIFT_COMPILATION_MODE = wholemodule;
				SWIFT_OBJC_BRIDGING_HEADER = $SRCROOT/Engine/Shaders/Common.h;
			};
			name = Release;
		};
		F76722CC2E54E05300143CE1 /* Debug */ = {
			isa = XCBuildConfiguration;
			buildSettings = {
				ASSETCATALOG_COMPILER_APPICON_NAME = AppIcon;
				ASSETCATALOG_COMPILER_GLOBAL_ACCENT_COLOR_NAME = AccentColor;
				CODE_SIGN_ENTITLEMENTS = PatrikTheStarByAria/PatrikTheStarByAria.entitlements;
				CODE_SIGN_STYLE = Automatic;
				COMBINE_HIDPI_IMAGES = YES;
				CURRENT_PROJECT_VERSION = 1;
				DEVELOPMENT_TEAM = GG7GN7L79A;
				ENABLE_HARDENED_RUNTIME = YES;
				GENERATE_INFOPLIST_FILE = YES;
				INFOPLIST_KEY_NSHumanReadableCopyright = "";
				INFOPLIST_KEY_NSMainStoryboardFile = Main;
				INFOPLIST_KEY_NSPrincipalClass = NSApplication;
				LD_RUNPATH_SEARCH_PATHS = (
					"$(inherited)",
					"@executable_path/../Frameworks",
				);
				MARKETING_VERSION = 1.0;
				PRODUCT_BUNDLE_IDENTIFIER = com.ariazare.PatrikTheStarByAria;
				PRODUCT_NAME = "$(TARGET_NAME)";
				REGISTER_APP_GROUPS = YES;
				SWIFT_EMIT_LOC_STRINGS = YES;
				SWIFT_OBJC_BRIDGING_HEADER = $SRCROOT/Engine/Shaders/Common.h;
				SWIFT_VERSION = 5.0;
			};
			name = Debug;
		};
		F76722CD2E54E05300143CE1 /* Release */ = {
			isa = XCBuildConfiguration;
			buildSettings = {
				ASSETCATALOG_COMPILER_APPICON_NAME = AppIcon;
				ASSETCATALOG_COMPILER_GLOBAL_ACCENT_COLOR_NAME = AccentColor;
				CODE_SIGN_ENTITLEMENTS = PatrikTheStarByAria/PatrikTheStarByAria.entitlements;
				CODE_SIGN_STYLE = Automatic;
				COMBINE_HIDPI_IMAGES = YES;
				CURRENT_PROJECT_VERSION = 1;
				DEVELOPMENT_TEAM = GG7GN7L79A;
				ENABLE_HARDENED_RUNTIME = YES;
				GENERATE_INFOPLIST_FILE = YES;
				INFOPLIST_KEY_NSHumanReadableCopyright = "";
				INFOPLIST_KEY_NSMainStoryboardFile = Main;
				INFOPLIST_KEY_NSPrincipalClass = NSApplication;
				LD_RUNPATH_SEARCH_PATHS = (
					"$(inherited)",
					"@executable_path/../Frameworks",
				);
				MARKETING_VERSION = 1.0;
				PRODUCT_BUNDLE_IDENTIFIER = com.ariazare.PatrikTheStarByAria;
				PRODUCT_NAME = "$(TARGET_NAME)";
				REGISTER_APP_GROUPS = YES;
				SWIFT_EMIT_LOC_STRINGS = YES;
				SWIFT_OBJC_BRIDGING_HEADER = $SRCROOT/Engine/Shaders/Common.h;
				SWIFT_VERSION = 5.0;
			};
			name = Release;
		};
		F76722E52E54E57500143CE1 /* Debug */ = {
			isa = XCBuildConfiguration;
			buildSettings = {
				ASSETCATALOG_COMPILER_APPICON_NAME = AppIcon;
				ASSETCATALOG_COMPILER_GLOBAL_ACCENT_COLOR_NAME = AccentColor;
				CODE_SIGN_STYLE = Automatic;
				CURRENT_PROJECT_VERSION = 1;
				DEVELOPMENT_TEAM = GG7GN7L79A;
				GENERATE_INFOPLIST_FILE = YES;
				INFOPLIST_FILE = PatrikTheStarByAriaiOS/Info.plist;
				INFOPLIST_KEY_UIApplicationSupportsIndirectInputEvents = YES;
				INFOPLIST_KEY_UILaunchStoryboardName = LaunchScreen;
				INFOPLIST_KEY_UIMainStoryboardFile = Main;
				INFOPLIST_KEY_UISupportedInterfaceOrientations_iPad = "UIInterfaceOrientationPortrait UIInterfaceOrientationPortraitUpsideDown UIInterfaceOrientationLandscapeLeft UIInterfaceOrientationLandscapeRight";
				INFOPLIST_KEY_UISupportedInterfaceOrientations_iPhone = "UIInterfaceOrientationPortrait UIInterfaceOrientationLandscapeLeft UIInterfaceOrientationLandscapeRight";
				IPHONEOS_DEPLOYMENT_TARGET = 16.0;
				LD_RUNPATH_SEARCH_PATHS = (
					"$(inherited)",
					"@executable_path/Frameworks",
				);
				MARKETING_VERSION = 1.0;
				PRODUCT_BUNDLE_IDENTIFIER = com.ariazare.PatrikTheStarByAriaiOS;
				PRODUCT_NAME = "$(TARGET_NAME)";
				SDKROOT = iphoneos;
				SWIFT_EMIT_LOC_STRINGS = YES;
				SWIFT_OBJC_BRIDGING_HEADER = $SRCROOT/Engine/Shaders/Common.h;
				SWIFT_VERSION = 5.0;
				TARGETED_DEVICE_FAMILY = "1,2";
			};
			name = Debug;
		};
		F76722E62E54E57500143CE1 /* Release */ = {
			isa = XCBuildConfiguration;
			buildSettings = {
				ASSETCATALOG_COMPILER_APPICON_NAME = AppIcon;
				ASSETCATALOG_COMPILER_GLOBAL_ACCENT_COLOR_NAME = AccentColor;
				CODE_SIGN_STYLE = Automatic;
				CURRENT_PROJECT_VERSION = 1;
				DEVELOPMENT_TEAM = GG7GN7L79A;
				GENERATE_INFOPLIST_FILE = YES;
				INFOPLIST_FILE = PatrikTheStarByAriaiOS/Info.plist;
				INFOPLIST_KEY_UIApplicationSupportsIndirectInputEvents = YES;
				INFOPLIST_KEY_UILaunchStoryboardName = LaunchScreen;
				INFOPLIST_KEY_UIMainStoryboardFile = Main;
				INFOPLIST_KEY_UISupportedInterfaceOrientations_iPad = "UIInterfaceOrientationPortrait UIInterfaceOrientationPortraitUpsideDown UIInterfaceOrientationLandscapeLeft UIInterfaceOrientationLandscapeRight";
				INFOPLIST_KEY_UISupportedInterfaceOrientations_iPhone = "UIInterfaceOrientationPortrait UIInterfaceOrientationLandscapeLeft UIInterfaceOrientationLandscapeRight";
				IPHONEOS_DEPLOYMENT_TARGET = 16.0;
				LD_RUNPATH_SEARCH_PATHS = (
					"$(inherited)",
					"@executable_path/Frameworks",
				);
				MARKETING_VERSION = 1.0;
				PRODUCT_BUNDLE_IDENTIFIER = com.ariazare.PatrikTheStarByAriaiOS;
				PRODUCT_NAME = "$(TARGET_NAME)";
				SDKROOT = iphoneos;
				SWIFT_EMIT_LOC_STRINGS = YES;
				SWIFT_OBJC_BRIDGING_HEADER = $SRCROOT/Engine/Shaders/Common.h;
				SWIFT_VERSION = 5.0;
				TARGETED_DEVICE_FAMILY = "1,2";
				VALIDATE_PRODUCT = YES;
			};
			name = Release;
		};
/* End XCBuildConfiguration section */

/* Begin XCConfigurationList section */
		F76722B72E54E05200143CE1 /* Build configuration list for PBXProject "PatrikTheStarByAria" */ = {
			isa = XCConfigurationList;
			buildConfigurations = (
				F76722C92E54E05300143CE1 /* Debug */,
				F76722CA2E54E05300143CE1 /* Release */,
			);
			defaultConfigurationIsVisible = 0;
			defaultConfigurationName = Release;
		};
		F76722CB2E54E05300143CE1 /* Build configuration list for PBXNativeTarget "PatrikTheStarByAria" */ = {
			isa = XCConfigurationList;
			buildConfigurations = (
				F76722CC2E54E05300143CE1 /* Debug */,
				F76722CD2E54E05300143CE1 /* Release */,
			);
			defaultConfigurationIsVisible = 0;
			defaultConfigurationName = Release;
		};
		F76722E42E54E57500143CE1 /* Build configuration list for PBXNativeTarget "PatrikTheStarByAriaiOS" */ = {
			isa = XCConfigurationList;
			buildConfigurations = (
				F76722E52E54E57500143CE1 /* Debug */,
				F76722E62E54E57500143CE1 /* Release */,
			);
			defaultConfigurationIsVisible = 0;
			defaultConfigurationName = Release;
		};
/* End XCConfigurationList section */
	};
	rootObject = F76722B42E54E05200143CE1 /* Project object */;
}
